<?xml version="1.0" encoding="utf-8"?>
<Project ToolsVersion="4.0" xmlns="http://schemas.microsoft.com/developer/msbuild/2003">
  <ItemGroup>
    <Filter Include="server_engine">
      <UniqueIdentifier>{11111111-1111-1111-1111-111111111111}</UniqueIdentifier>
    </Filter>
    <Filter Include="server_engine\configuration">
      <UniqueIdentifier>{22222222-2222-2222-2222-222222222222}</UniqueIdentifier>
    </Filter>
    <Filter Include="server_engine\diagnostics">
      <UniqueIdentifier>{77777777-7777-7777-7777-777777777777}</UniqueIdentifier>
    </Filter>
    <Filter Include="server_engine\json">
      <UniqueIdentifier>{88888888-8888-8888-8888-888888888888}</UniqueIdentifier>
    </Filter>
    <Filter Include="server_engine\communication">
      <UniqueIdentifier>{33333333-3333-3333-3333-333333333333}</UniqueIdentifier>
    </Filter>
    <Filter Include="server_engine\communication\console">
      <UniqueIdentifier>{44444444-4444-4444-4444-444444444444}</UniqueIdentifier>
    </Filter>
    <Filter Include="server_engine\project">
      <UniqueIdentifier>{55555555-5555-5555-5555-555555555555}</UniqueIdentifier>
    </Filter>
    <Filter Include="server_engine\project\file">
      <UniqueIdentifier>{99999999-9999-9999-9999-999999999999}</UniqueIdentifier>
    </Filter>
    <Filter Include="server_engine\project\abi">
      <UniqueIdentifier>{B8A6D52E-6A90-4A1F-8FD7-C12FBE6817A4}</UniqueIdentifier>
    </Filter>
    <Filter Include="server_engine\project\string">
      <UniqueIdentifier>{A1111111-1111-1111-1111-111111111111}</UniqueIdentifier>
    </Filter>
    <Filter Include="server_engine\project\semantic">
      <UniqueIdentifier>{A7777777-7777-7777-7777-777777777777}</UniqueIdentifier>
    </Filter>
    <Filter Include="server_engine\project\graph">
      <UniqueIdentifier>{A8888888-8888-8888-8888-888888888888}</UniqueIdentifier>
    </Filter>
    <Filter Include="server_engine\project\parser">
      <UniqueIdentifier>{A9999999-9999-9999-9999-999999999999}</UniqueIdentifier>
    </Filter>
    <Filter Include="server_engine\project\preprocessor">
      <UniqueIdentifier>{B2222222-2222-2222-2222-222222222222}</UniqueIdentifier>
    </Filter>
    <Filter Include="server_engine\project\frontend">
      <UniqueIdentifier>{C3333333-3333-3333-3333-333333333333}</UniqueIdentifier>
    </Filter>
    <Filter Include="server_engine\project\construction">
      <UniqueIdentifier>{D4444444-4444-4444-4444-444444444444}</UniqueIdentifier>
    </Filter>
    <Filter Include="server_engine\project\assign">
      <UniqueIdentifier>{E5555555-5555-5555-5555-555555555555}</UniqueIdentifier>
    </Filter>
    <Filter Include="server_engine\project\persistence">
      <UniqueIdentifier>{F6666666-6666-6666-6666-666666666666}</UniqueIdentifier>
    </Filter>
    <Filter Include="server_engine\project\runtime">
      <UniqueIdentifier>{A7777777-7777-7777-7777-777777777777}</UniqueIdentifier>
    </Filter>
    <Filter Include="tests">
      <UniqueIdentifier>{0F5D5C54-5BD2-4A49-BEEE-5422EE125E37}</UniqueIdentifier>
    </Filter>
    <Filter Include="docs">
      <UniqueIdentifier>{66666666-6666-6666-6666-666666666666}</UniqueIdentifier>
    </Filter>
  </ItemGroup>

  <ItemGroup>
    <ClCompile Include="server_engine\main.cpp">
      <Filter>server_engine</Filter>
    </ClCompile>
    <ClCompile Include="server_engine\server.cpp">
      <Filter>server_engine</Filter>
    </ClCompile>
    <ClCompile Include="server_engine\filesystem_path.cpp">
      <Filter>server_engine</Filter>
    </ClCompile>
    <ClCompile Include="server_engine\read_only_file_mapping.cpp">
      <Filter>server_engine</Filter>
    </ClCompile>
    <ClCompile Include="server_engine\writable_file_mapping.cpp">
      <Filter>server_engine</Filter>
    </ClCompile>
    <ClCompile Include="server_engine\fixed_shared_memory.cpp">
      <Filter>server_engine</Filter>
    </ClCompile>
    <ClCompile Include="server_engine\diagnostics\diagnostic_collection.cpp">
      <Filter>server_engine\diagnostics</Filter>
    </ClCompile>
    <ClCompile Include="server_engine\diagnostics\diagnostic_formatter.cpp">
      <Filter>server_engine\diagnostics</Filter>
    </ClCompile>
    <ClCompile Include="server_engine\diagnostics\diagnostic_source_cache.cpp">
      <Filter>server_engine\diagnostics</Filter>
    </ClCompile>

    <ClCompile Include="server_engine\json\json_parser.cpp">
      <Filter>server_engine\json</Filter>
    </ClCompile>

    <ClCompile Include="server_engine\configuration\server_configuration_loader.cpp">
      <Filter>server_engine\configuration</Filter>
    </ClCompile>

    <ClCompile Include="server_engine\communication\command_queue.cpp">
      <Filter>server_engine\communication</Filter>
    </ClCompile>
    <ClCompile Include="server_engine\communication\communication.cpp">
      <Filter>server_engine\communication</Filter>
    </ClCompile>

    <ClCompile Include="server_engine\communication\console\console_input_windows.cpp">
      <Filter>server_engine\communication\console</Filter>
    </ClCompile>
    <ClCompile Include="server_engine\communication\console\server_console.cpp">
      <Filter>server_engine\communication\console</Filter>
    </ClCompile>

    <ClCompile Include="server_engine\project\project.cpp">
      <Filter>server_engine\project</Filter>
    </ClCompile>
    <ClCompile Include="server_engine\project\abi\abi_layout.cpp">
      <Filter>server_engine\project\abi</Filter>
    </ClCompile>
    <ClCompile Include="server_engine\project\runtime\runtime_layout.cpp">
      <Filter>server_engine\project\runtime</Filter>
    </ClCompile>
    <ClCompile Include="server_engine\project\runtime\project_runtime.cpp">
      <Filter>server_engine\project\runtime</Filter>
    </ClCompile>
    <ClCompile Include="server_engine\project\string\string_table.cpp">
      <Filter>server_engine\project\string</Filter>
    </ClCompile>
    <ClCompile Include="server_engine\project\semantic\identity.cpp">
      <Filter>server_engine\project\semantic</Filter>
    </ClCompile>
    <ClCompile Include="server_engine\project\graph\graph.cpp">
      <Filter>server_engine\project\graph</Filter>
    </ClCompile>
    <ClCompile Include="server_engine\project\graph\graph_delta.cpp">
      <Filter>server_engine\project\graph</Filter>
    </ClCompile>
    <ClCompile Include="server_engine\project\parser\parser.cpp">
      <Filter>server_engine\project\parser</Filter>
    </ClCompile>
    <ClCompile Include="server_engine\project\preprocessor\preprocessor.cpp">
      <Filter>server_engine\project\preprocessor</Filter>
    </ClCompile>
    <ClCompile Include="server_engine\project\frontend\frontend_input.cpp">
      <Filter>server_engine\project\frontend</Filter>
    </ClCompile>
    <ClCompile Include="server_engine\project\frontend\semantic_input.cpp">
      <Filter>server_engine\project\frontend</Filter>
    </ClCompile>
    <ClCompile Include="server_engine\project\frontend\directive_decoder.cpp">
      <Filter>server_engine\project\frontend</Filter>
    </ClCompile>
    <ClCompile Include="server_engine\project\frontend\directive_executor.cpp">
      <Filter>server_engine\project\frontend</Filter>
    </ClCompile>
    <ClCompile Include="server_engine\project\frontend\source_discovery.cpp">
      <Filter>server_engine\project\frontend</Filter>
    </ClCompile>
    <ClCompile Include="server_engine\project\assign\assign_table.cpp">
      <Filter>server_engine\project\assign</Filter>
    </ClCompile>
    <ClCompile Include="server_engine\project\assign\assign_input.cpp">
      <Filter>server_engine\project\assign</Filter>
    </ClCompile>
    <ClCompile Include="server_engine\project\construction\execution_lanes_windows.cpp">
      <Filter>server_engine\project\construction</Filter>
    </ClCompile>
    <ClCompile Include="server_engine\project\frontend\lexical_stream.cpp">
      <Filter>server_engine\project\frontend</Filter>
    </ClCompile>
    <ClCompile Include="server_engine\project\frontend\lexer.cpp">
      <Filter>server_engine\project\frontend</Filter>
    </ClCompile>
    <ClCompile Include="server_engine\project\frontend\lexical_generation.cpp">
      <Filter>server_engine\project\frontend</Filter>
    </ClCompile>
    <ClCompile Include="server_engine\project\file\file_identity.cpp">
      <Filter>server_engine\project\file</Filter>
    </ClCompile>
    <ClCompile Include="server_engine\project\project_configuration_manifest.cpp">
      <Filter>server_engine\project</Filter>
    </ClCompile>
    <ClCompile Include="server_engine\project\project_configuration_manifest_store.cpp">
      <Filter>server_engine\project</Filter>
    </ClCompile>
    <ClCompile Include="server_engine\project\project_path.cpp">
      <Filter>server_engine\project</Filter>
    </ClCompile>
    <ClCompile Include="server_engine\project\persistence\project_artifact.cpp">
      <Filter>server_engine\project\persistence</Filter>
    </ClCompile>
    <ClCompile Include="server_engine\project\persistence\compiled_project.cpp">
      <Filter>server_engine\project\persistence</Filter>
    </ClCompile>
    <ClCompile Include="server_engine\project\persistence\source_save.cpp">
      <Filter>server_engine\project\persistence</Filter>
    </ClCompile>
    <ClCompile Include="server_engine\project\persistence\source_save_view.cpp">
      <Filter>server_engine\project\persistence</Filter>
    </ClCompile>
    <ClCompile Include="server_engine\project\persistence\database.cpp">
      <Filter>server_engine\project\persistence</Filter>
    </ClCompile>
    <ClCompile Include="server_engine\project\file\file_context.cpp">
      <Filter>server_engine\project\file</Filter>
    </ClCompile>
    <ClCompile Include="server_engine\project\project_load.cpp">
      <Filter>server_engine\project</Filter>
    </ClCompile>
    <ClCompile Include="server_engine\project\project_publish.cpp">
      <Filter>server_engine\project</Filter>
    </ClCompile>
    <ClCompile Include="server_engine\project\project_full_construction.cpp">
      <Filter>server_engine\project</Filter>
    </ClCompile>
    <ClCompile Include="server_engine\project\project_build.cpp">
      <Filter>server_engine\project</Filter>
    </ClCompile>
    <ClCompile Include="server_engine\project\project_rebuild.cpp">
      <Filter>server_engine\project</Filter>
    </ClCompile>
    <ClCompile Include="server_engine\project\project_configuration_loader.cpp">
      <Filter>server_engine\project</Filter>
    </ClCompile>
  </ItemGroup>

  <ItemGroup>
    <ClInclude Include="server_engine\server.hpp">
      <Filter>server_engine</Filter>
    </ClInclude>
    <ClInclude Include="server_engine\filesystem_path.hpp">
      <Filter>server_engine</Filter>
    </ClInclude>
    <ClInclude Include="server_engine\read_only_file_mapping.hpp">
      <Filter>server_engine</Filter>
    </ClInclude>
    <ClInclude Include="server_engine\writable_file_mapping.hpp">
      <Filter>server_engine</Filter>
    </ClInclude>
    <ClInclude Include="server_engine\fixed_shared_memory.hpp">
      <Filter>server_engine</Filter>
    </ClInclude>
    <ClInclude Include="server_engine\shared_memory_name.hpp">
      <Filter>server_engine</Filter>
    </ClInclude>
    <ClInclude Include="server_engine\server_context.hpp">
      <Filter>server_engine</Filter>
    </ClInclude>
    <ClInclude Include="server_engine\server_status.hpp">
      <Filter>server_engine</Filter>
    </ClInclude>
    <ClInclude Include="server_engine\string_id.hpp">
      <Filter>server_engine</Filter>
    </ClInclude>
    <ClInclude Include="server_engine\operation.hpp">
      <Filter>server_engine</Filter>
    </ClInclude>
    <ClInclude Include="server_engine\diagnostics\diagnostic.hpp">
      <Filter>server_engine\diagnostics</Filter>
    </ClInclude>
    <ClInclude Include="server_engine\diagnostics\diagnostic_collection.hpp">
      <Filter>server_engine\diagnostics</Filter>
    </ClInclude>
    <ClInclude Include="server_engine\diagnostics\diagnostic_descriptor.hpp">
      <Filter>server_engine\diagnostics</Filter>
    </ClInclude>
    <ClInclude Include="server_engine\diagnostics\diagnostic_registry.hpp">
      <Filter>server_engine\diagnostics</Filter>
    </ClInclude>
    <ClInclude Include="server_engine\diagnostics\diagnostic_formatter.hpp">
      <Filter>server_engine\diagnostics</Filter>
    </ClInclude>
    <ClInclude Include="server_engine\diagnostics\diagnostic_builder.hpp">
      <Filter>server_engine\diagnostics</Filter>
    </ClInclude>
    <ClInclude Include="server_engine\diagnostics\diagnostic_source_cache.hpp">
      <Filter>server_engine\diagnostics</Filter>
    </ClInclude>

    <ClInclude Include="server_engine\json\json.hpp">
      <Filter>server_engine\json</Filter>
    </ClInclude>
    <ClInclude Include="server_engine\json\json_ascii.hpp">
      <Filter>server_engine\json</Filter>
    </ClInclude>
    <ClInclude Include="server_engine\json\json_unicode.hpp">
      <Filter>server_engine\json</Filter>
    </ClInclude>
    <ClInclude Include="server_engine\json\json_value.hpp">
      <Filter>server_engine\json</Filter>
    </ClInclude>
    <ClInclude Include="server_engine\json\json_parser.hpp">
      <Filter>server_engine\json</Filter>
    </ClInclude>
    <ClInclude Include="server_engine\json\json_buffer.hpp">
      <Filter>server_engine\json</Filter>
    </ClInclude>
    <ClInclude Include="server_engine\json\json_escape.hpp">
      <Filter>server_engine\json</Filter>
    </ClInclude>
    <ClInclude Include="server_engine\json\json_writer.hpp">
      <Filter>server_engine\json</Filter>
    </ClInclude>

    <ClInclude Include="server_engine\configuration\server_configuration.hpp">
      <Filter>server_engine\configuration</Filter>
    </ClInclude>
    <ClInclude Include="server_engine\configuration\server_configuration_loader.hpp">
      <Filter>server_engine\configuration</Filter>
    </ClInclude>

    <ClInclude Include="server_engine\communication\command_queue.hpp">
      <Filter>server_engine\communication</Filter>
    </ClInclude>
    <ClInclude Include="server_engine\communication\communication.hpp">
      <Filter>server_engine\communication</Filter>
    </ClInclude>
    <ClInclude Include="server_engine\communication\server_command.hpp">
      <Filter>server_engine\communication</Filter>
    </ClInclude>
    <ClInclude Include="server_engine\communication\server_command_request.hpp">
      <Filter>server_engine\communication</Filter>
    </ClInclude>
    <ClInclude Include="server_engine\communication\server_command_result.hpp">
      <Filter>server_engine\communication</Filter>
    </ClInclude>

    <ClInclude Include="server_engine\communication\console\console_input.hpp">
      <Filter>server_engine\communication\console</Filter>
    </ClInclude>
    <ClInclude Include="server_engine\communication\console\server_console.hpp">
      <Filter>server_engine\communication\console</Filter>
    </ClInclude>

    <ClInclude Include="server_engine\project\project.hpp">
      <Filter>server_engine\project</Filter>
    </ClInclude>
    <ClInclude Include="server_engine\project\abi\abi_layout.hpp">
      <Filter>server_engine\project\abi</Filter>
    </ClInclude>
    <ClInclude Include="server_engine\project\runtime\runtime_layout.hpp">
      <Filter>server_engine\project\runtime</Filter>
    </ClInclude>
    <ClInclude Include="server_engine\project\runtime\project_runtime.hpp">
      <Filter>server_engine\project\runtime</Filter>
    </ClInclude>
    <ClInclude Include="server_engine\project\project_lifecycle_context.hpp">
      <Filter>server_engine\project</Filter>
    </ClInclude>
    <ClInclude Include="server_engine\project\preprocessor_configuration.hpp">
      <Filter>server_engine\project</Filter>
    </ClInclude>
    <ClInclude Include="server_engine\project\project_identity.hpp">
      <Filter>server_engine\project</Filter>
    </ClInclude>
    <ClInclude Include="server_engine\project\project_configuration_manifest.hpp">
      <Filter>server_engine\project</Filter>
    </ClInclude>
    <ClInclude Include="server_engine\project\project_configuration_manifest_store.hpp">
      <Filter>server_engine\project</Filter>
    </ClInclude>
    <ClInclude Include="server_engine\project\project_path.hpp">
      <Filter>server_engine\project</Filter>
    </ClInclude>
    <ClInclude Include="server_engine\project\persistence\project_artifact.hpp">
      <Filter>server_engine\project\persistence</Filter>
    </ClInclude>
    <ClInclude Include="server_engine\project\persistence\compiled_project.hpp">
      <Filter>server_engine\project\persistence</Filter>
    </ClInclude>
    <ClInclude Include="server_engine\project\persistence\crc64_ecma.hpp">
      <Filter>server_engine\project\persistence</Filter>
    </ClInclude>
    <ClInclude Include="server_engine\project\persistence\source_save.hpp">
      <Filter>server_engine\project\persistence</Filter>
    </ClInclude>
    <ClInclude Include="server_engine\project\persistence\source_save_format.hpp">
      <Filter>server_engine\project\persistence</Filter>
    </ClInclude>
    <ClInclude Include="server_engine\project\persistence\database.hpp">
      <Filter>server_engine\project\persistence</Filter>
    </ClInclude>
    <ClInclude Include="server_engine\project\string\string_table.hpp">
      <Filter>server_engine\project\string</Filter>
    </ClInclude>
    <ClInclude Include="server_engine\project\semantic\identity.hpp">
      <Filter>server_engine\project\semantic</Filter>
    </ClInclude>
    <ClInclude Include="server_engine\project\graph\graph.hpp">
      <Filter>server_engine\project\graph</Filter>
    </ClInclude>
    <ClInclude Include="server_engine\project\graph\graph_delta.hpp">
      <Filter>server_engine\project\graph</Filter>
    </ClInclude>
    <ClInclude Include="server_engine\project\graph\construction_value.hpp">
      <Filter>server_engine\project\graph</Filter>
    </ClInclude>
    <ClInclude Include="server_engine\project\parser\parser.hpp">
      <Filter>server_engine\project\parser</Filter>
    </ClInclude>
    <ClInclude Include="server_engine\project\graph\type_handle.hpp">
      <Filter>server_engine\project\graph</Filter>
    </ClInclude>
    <ClInclude Include="server_engine\project\graph\object_handle.hpp">
      <Filter>server_engine\project\graph</Filter>
    </ClInclude>
    <ClInclude Include="server_engine\project\graph\link_handle.hpp">
      <Filter>server_engine\project\graph</Filter>
    </ClInclude>
    <ClInclude Include="server_engine\project\graph\member_index.hpp">
      <Filter>server_engine\project\graph</Filter>
    </ClInclude>
    <ClInclude Include="server_engine\project\graph\type_ref.hpp">
      <Filter>server_engine\project\graph</Filter>
    </ClInclude>
    <ClInclude Include="server_engine\project\preprocessor\preprocessor.hpp">
      <Filter>server_engine\project\preprocessor</Filter>
    </ClInclude>
    <ClInclude Include="server_engine\project\frontend\frontend_input.hpp">
      <Filter>server_engine\project\frontend</Filter>
    </ClInclude>
    <ClInclude Include="server_engine\project\frontend\semantic_input.hpp">
      <Filter>server_engine\project\frontend</Filter>
    </ClInclude>
    <ClInclude Include="server_engine\project\frontend\directive_decoder.hpp">
      <Filter>server_engine\project\frontend</Filter>
    </ClInclude>
    <ClInclude Include="server_engine\project\frontend\directive_executor.hpp">
      <Filter>server_engine\project\frontend</Filter>
    </ClInclude>
    <ClInclude Include="server_engine\project\frontend\source_discovery.hpp">
      <Filter>server_engine\project\frontend</Filter>
    </ClInclude>
    <ClInclude Include="server_engine\project\assign\assign_table.hpp">
      <Filter>server_engine\project\assign</Filter>
    </ClInclude>
    <ClInclude Include="server_engine\project\assign\assign_input.hpp">
      <Filter>server_engine\project\assign</Filter>
    </ClInclude>
    <ClInclude Include="server_engine\project\construction\execution_lanes.hpp">
      <Filter>server_engine\project\construction</Filter>
    </ClInclude>
    <ClInclude Include="server_engine\project\frontend\lexical_stream.hpp">
      <Filter>server_engine\project\frontend</Filter>
    </ClInclude>
    <ClInclude Include="server_engine\project\frontend\lexer.hpp">
      <Filter>server_engine\project\frontend</Filter>
    </ClInclude>
    <ClInclude Include="server_engine\project\frontend\lexical_generation.hpp">
      <Filter>server_engine\project\frontend</Filter>
    </ClInclude>
    <ClInclude Include="server_engine\project\frontend\lexical_token.hpp">
      <Filter>server_engine\project\frontend</Filter>
    </ClInclude>
    <ClInclude Include="server_engine\project\file\file_identity.hpp">
      <Filter>server_engine\project\file</Filter>
    </ClInclude>
    <ClInclude Include="server_engine\project\file\file_kind.hpp">
      <Filter>server_engine\project\file</Filter>
    </ClInclude>
    <ClInclude Include="server_engine\project\file\file_context.hpp">
      <Filter>server_engine\project\file</Filter>
    </ClInclude>
    <ClInclude Include="server_engine\project\project_load.hpp">
      <Filter>server_engine\project</Filter>
    </ClInclude>
    <ClInclude Include="server_engine\project\project_publish.hpp">
      <Filter>server_engine\project</Filter>
    </ClInclude>
    <ClInclude Include="server_engine\project\project_full_construction.hpp">
      <Filter>server_engine\project</Filter>
    </ClInclude>
    <ClInclude Include="server_engine\project\project_build.hpp">
      <Filter>server_engine\project</Filter>
    </ClInclude>
    <ClInclude Include="server_engine\project\project_rebuild.hpp">
      <Filter>server_engine\project</Filter>
    </ClInclude>
    <ClInclude Include="server_engine\project\project_configuration_loader.hpp">
      <Filter>server_engine\project</Filter>
    </ClInclude>
  </ItemGroup>

  <ItemGroup>
    <None Include="server.json" />
    <None Include="tests\compiled_project_tests.cpp">
      <Filter>tests</Filter>
    </None>
    <None Include="tests\server_configuration_tests.cpp">
      <Filter>tests</Filter>
    </None>
    <None Include="tests\source_save_tests.cpp">
      <Filter>tests</Filter>
    </None>
    <None Include="tests\database_tests.cpp">
      <Filter>tests</Filter>
    </None>
    <None Include="tests\frontend_regression_tests.cpp">
      <Filter>tests</Filter>
    </None>

    <None Include="docs\SERVER_ARCHITECTURE.md">
      <Filter>docs</Filter>
    </None>
    <None Include="docs\DIAGNOSTICS.md">
      <Filter>docs</Filter>
    </None>
    <None Include="docs\JSON.md">
      <Filter>docs</Filter>
    </None>
    <None Include="docs\SERVER_CONFIGURATION.md">
      <Filter>docs</Filter>
    </None>
    <None Include="docs\PROJECT.md">
      <Filter>docs</Filter>
    </None>
    <None Include="docs\PROJECT_CONFIGURATION.md">
      <Filter>docs</Filter>
    </None>
    <None Include="docs\FRONTEND_ARCHITECTURE.md">
      <Filter>docs</Filter>
    </None>
  </ItemGroup>
  <ItemGroup>
    <ClCompile Include="server_engine\project\source\source_map.cpp" />
    <ClInclude Include="server_engine\project\source\source_map.hpp" />
  </ItemGroup>
</Project>
